<?xml version="1.0" encoding="UTF-8" standalone="yes" ?>
<CodeBlocks_project_file>
	<FileVersion major="1" minor="6" />
	<Project>
		<Option title="Final_Project" />
		<Option makefile_is_custom="1" />
		<Option compiler="gcc" />
		<Option virtualFolders="CMake Files\;CMake Files\Floors\;" />
		<Build>
			<Target title="all">
				<Option output="main.exe" prefix_auto="0" extension_auto="0" />
				<Option working_dir="" />
				<Option object_output="C:/Users/Dr.Ahmed/Desktop/Graphics/Final_Project/.objs" />
				<Option type="0" />
				<Option compiler="gcc" />
				<MakeCommands>
					<Build command='C:/PROGRA~2/CODEBL~1/MinGW/bin/mingw32-make.exe -f &quot;C:/Users/Dr.Ahmed/Desktop/Graphics/Final_Project/Makefile&quot;  VERBOSE=1 all' />
					<CompileFile command='C:/PROGRA~2/CODEBL~1/MinGW/bin/mingw32-make.exe -f &quot;C:/Users/Dr.Ahmed/Desktop/Graphics/Final_Project/Makefile&quot;  VERBOSE=1 &quot;$file&quot;' />
					<Clean command='C:/PROGRA~2/CODEBL~1/MinGW/bin/mingw32-make.exe -f &quot;C:/Users/Dr.Ahmed/Desktop/Graphics/Final_Project/Makefile&quot;  VERBOSE=1 clean' />
					<DistClean command='C:/PROGRA~2/CODEBL~1/MinGW/bin/mingw32-make.exe -f &quot;C:/Users/Dr.Ahmed/Desktop/Graphics/Final_Project/Makefile&quot;  VERBOSE=1 clean' />
					<AskRebuildNeeded command="$make -q -f $makefile $target" />
					<SilentBuild command="$make -f $makefile $target &gt; $(CMD_NULL)" />
				</MakeCommands>
			</Target>
			<Target title="edit_cache">
				<Option type="4" />
				<Option compiler="gcc" />
				<MakeCommands>
					<Build command='C:/PROGRA~2/CODEBL~1/MinGW/bin/mingw32-make.exe -f &quot;C:/Users/Dr.Ahmed/Desktop/Graphics/Final_Project/Makefile&quot;  VERBOSE=1 edit_cache' />
					<CompileFile command='C:/PROGRA~2/CODEBL~1/MinGW/bin/mingw32-make.exe -f &quot;C:/Users/Dr.Ahmed/Desktop/Graphics/Final_Project/Makefile&quot;  VERBOSE=1 &quot;$file&quot;' />
					<Clean command='C:/PROGRA~2/CODEBL~1/MinGW/bin/mingw32-make.exe -f &quot;C:/Users/Dr.Ahmed/Desktop/Graphics/Final_Project/Makefile&quot;  VERBOSE=1 clean' />
					<DistClean command='C:/PROGRA~2/CODEBL~1/MinGW/bin/mingw32-make.exe -f &quot;C:/Users/Dr.Ahmed/Desktop/Graphics/Final_Project/Makefile&quot;  VERBOSE=1 clean' />
					<AskRebuildNeeded command="$make -q -f $makefile $target" />
					<SilentBuild command="$make -f $makefile $target &gt; $(CMD_NULL)" />
				</MakeCommands>
			</Target>
			<Target title="main">
				<Option output="C:/Users/Dr.Ahmed/Desktop/Graphics/Final_Project/main.exe" prefix_auto="0" extension_auto="0" />
				<Option working_dir="C:/Users/Dr.Ahmed/Desktop/Graphics/Final_Project" />
				<Option object_output="./" />
				<Option type="1" />
				<Option compiler="gcc" />
				<Compiler>
					<Add directory="C:/Program Files (x86)/CodeBlocks/MinGW/bin/../lib/gcc/mingw32/4.9.2/include/c++" />
					<Add directory="C:/Program Files (x86)/CodeBlocks/MinGW/bin/../lib/gcc/mingw32/4.9.2/include/c++/mingw32" />
					<Add directory="C:/Program Files (x86)/CodeBlocks/MinGW/bin/../lib/gcc/mingw32/4.9.2/include/c++/backward" />
					<Add directory="C:/Program Files (x86)/CodeBlocks/MinGW/bin/../lib/gcc/mingw32/4.9.2/include" />
					<Add directory="C:/Program Files (x86)/CodeBlocks/MinGW/bin/../lib/gcc/mingw32/4.9.2/../../../../include" />
					<Add directory="C:/Program Files (x86)/CodeBlocks/MinGW/bin/../lib/gcc/mingw32/4.9.2/include-fixed" />
				</Compiler>
				<MakeCommands>
					<Build command='C:/PROGRA~2/CODEBL~1/MinGW/bin/mingw32-make.exe -f &quot;C:/Users/Dr.Ahmed/Desktop/Graphics/Final_Project/Makefile&quot;  VERBOSE=1 main' />
					<CompileFile command='C:/PROGRA~2/CODEBL~1/MinGW/bin/mingw32-make.exe -f &quot;C:/Users/Dr.Ahmed/Desktop/Graphics/Final_Project/Makefile&quot;  VERBOSE=1 &quot;$file&quot;' />
					<Clean command='C:/PROGRA~2/CODEBL~1/MinGW/bin/mingw32-make.exe -f &quot;C:/Users/Dr.Ahmed/Desktop/Graphics/Final_Project/Makefile&quot;  VERBOSE=1 clean' />
					<DistClean command='C:/PROGRA~2/CODEBL~1/MinGW/bin/mingw32-make.exe -f &quot;C:/Users/Dr.Ahmed/Desktop/Graphics/Final_Project/Makefile&quot;  VERBOSE=1 clean' />
					<AskRebuildNeeded command="$make -q -f $makefile $target" />
					<SilentBuild command="$make -f $makefile $target &gt; $(CMD_NULL)" />
				</MakeCommands>
			</Target>
			<Target title="main/fast">
				<Option output="C:/Users/Dr.Ahmed/Desktop/Graphics/Final_Project/main.exe" prefix_auto="0" extension_auto="0" />
				<Option working_dir="C:/Users/Dr.Ahmed/Desktop/Graphics/Final_Project" />
				<Option object_output="./" />
				<Option type="1" />
				<Option compiler="gcc" />
				<Compiler>
					<Add directory="C:/Program Files (x86)/CodeBlocks/MinGW/bin/../lib/gcc/mingw32/4.9.2/include/c++" />
					<Add directory="C:/Program Files (x86)/CodeBlocks/MinGW/bin/../lib/gcc/mingw32/4.9.2/include/c++/mingw32" />
					<Add directory="C:/Program Files (x86)/CodeBlocks/MinGW/bin/../lib/gcc/mingw32/4.9.2/include/c++/backward" />
					<Add directory="C:/Program Files (x86)/CodeBlocks/MinGW/bin/../lib/gcc/mingw32/4.9.2/include" />
					<Add directory="C:/Program Files (x86)/CodeBlocks/MinGW/bin/../lib/gcc/mingw32/4.9.2/../../../../include" />
					<Add directory="C:/Program Files (x86)/CodeBlocks/MinGW/bin/../lib/gcc/mingw32/4.9.2/include-fixed" />
				</Compiler>
				<MakeCommands>
					<Build command='C:/PROGRA~2/CODEBL~1/MinGW/bin/mingw32-make.exe -f &quot;C:/Users/Dr.Ahmed/Desktop/Graphics/Final_Project/Makefile&quot;  VERBOSE=1 main/fast' />
					<CompileFile command='C:/PROGRA~2/CODEBL~1/MinGW/bin/mingw32-make.exe -f &quot;C:/Users/Dr.Ahmed/Desktop/Graphics/Final_Project/Makefile&quot;  VERBOSE=1 &quot;$file&quot;' />
					<Clean command='C:/PROGRA~2/CODEBL~1/MinGW/bin/mingw32-make.exe -f &quot;C:/Users/Dr.Ahmed/Desktop/Graphics/Final_Project/Makefile&quot;  VERBOSE=1 clean' />
					<DistClean command='C:/PROGRA~2/CODEBL~1/MinGW/bin/mingw32-make.exe -f &quot;C:/Users/Dr.Ahmed/Desktop/Graphics/Final_Project/Makefile&quot;  VERBOSE=1 clean' />
					<AskRebuildNeeded command="$make -q -f $makefile $target" />
					<SilentBuild command="$make -f $makefile $target &gt; $(CMD_NULL)" />
				</MakeCommands>
			</Target>
			<Target title="rebuild_cache">
				<Option type="4" />
				<Option compiler="gcc" />
				<MakeCommands>
					<Build command='C:/PROGRA~2/CODEBL~1/MinGW/bin/mingw32-make.exe -f &quot;C:/Users/Dr.Ahmed/Desktop/Graphics/Final_Project/Makefile&quot;  VERBOSE=1 rebuild_cache' />
					<CompileFile command='C:/PROGRA~2/CODEBL~1/MinGW/bin/mingw32-make.exe -f &quot;C:/Users/Dr.Ahmed/Desktop/Graphics/Final_Project/Makefile&quot;  VERBOSE=1 &quot;$file&quot;' />
					<Clean command='C:/PROGRA~2/CODEBL~1/MinGW/bin/mingw32-make.exe -f &quot;C:/Users/Dr.Ahmed/Desktop/Graphics/Final_Project/Makefile&quot;  VERBOSE=1 clean' />
					<DistClean command='C:/PROGRA~2/CODEBL~1/MinGW/bin/mingw32-make.exe -f &quot;C:/Users/Dr.Ahmed/Desktop/Graphics/Final_Project/Makefile&quot;  VERBOSE=1 clean' />
					<AskRebuildNeeded command="$make -q -f $makefile $target" />
					<SilentBuild command="$make -f $makefile $target &gt; $(CMD_NULL)" />
				</MakeCommands>
			</Target>
		</Build>
		<Unit filename="CMakeLists.txt">
			<Option virtualFolder="CMake Files/" />
		</Unit>
		<Unit filename="Floors/floor.bmp">
			<Option virtualFolder="CMake Files/Floors/" />
		</Unit>
		<Unit filename="Floors/square.bmp">
			<Option virtualFolder="CMake Files/Floors/" />
		</Unit>
		<Unit filename="Floors/tile_1.bmp">
			<Option virtualFolder="CMake Files/Floors/" />
		</Unit>
		<Unit filename="Floors/wall.bmp">
			<Option virtualFolder="CMake Files/Floors/" />
		</Unit>
		<Unit filename="glm.cpp">
			<Option target="main" />
		</Unit>
		<Unit filename="glm.h">
			<Option target="main" />
		</Unit>
		<Unit filename="imageloader.cpp">
			<Option target="main" />
		</Unit>
		<Unit filename="imageloader.h">
			<Option target="main" />
		</Unit>
		<Unit filename="main.cpp">
			<Option target="main" />
		</Unit>
		<Extensions>
			<code_completion />
			<envvars />
			<debugger />
		</Extensions>
	</Project>
</CodeBlocks_project_file>
